
Microsoft Visual Studio Solution File, Format Version 12.00
# Visual Studio Version 17
VisualStudioVersion = 17.8.34511.84
MinimumVisualStudioVersion = 10.0.40219.1
Project("{FAE04EC0-301F-11D3-BF4B-00C04F79EFBC}") = "Design_Patterns(Exercise-1)", "Design_Patterns(Exercise-1).csproj", "{E6BE5C4D-601C-41D6-B254-3E0DEDA71BEC}"
EndProject
Global
	GlobalSection(SolutionConfigurationPlatforms) = preSolution
		Debug|Any CPU = Debug|Any CPU
		Release|Any CPU = Release|Any CPU
	EndGlobalSection
	GlobalSection(ProjectConfigurationPlatforms) = postSolution
		{E6BE5C4D-601C-41D6-B254-3E0DEDA71BEC}.Debug|Any CPU.ActiveCfg = Debug|Any CPU
		{E6BE5C4D-601C-41D6-B254-3E0DEDA71BEC}.Debug|Any CPU.Build.0 = Debug|Any CPU
		{E6BE5C4D-601C-41D6-B254-3E0DEDA71BEC}.Release|Any CPU.ActiveCfg = Release|Any CPU
		{E6BE5C4D-601C-41D6-B254-3E0DEDA71BEC}.Release|Any CPU.Build.0 = Release|Any CPU
	EndGlobalSection
	GlobalSection(SolutionProperties) = preSolution
		HideSolutionNode = FALSE
	EndGlobalSection
	GlobalSection(ExtensibilityGlobals) = postSolution
		SolutionGuid = {640BF9EB-7595-43E0-AA15-ABF5F79C8052}
	EndGlobalSection
EndGlobal
